// !$*UTF8*$!
{
	archiveVersion = 1;
	classes = {
	};
	objectVersion = 56;
	objects = {

/* Begin PBXBuildFile section */
		2CA9FF4E2BCC0121002E464A /* AppDelegate.swift in Sources */ = {isa = PBXBuildFile; fileRef = 2CA9FF4D2BCC0121002E464A /* AppDelegate.swift */; };
		2CA9FF502BCC0121002E464A /* SceneDelegate.swift in Sources */ = {isa = PBXBuildFile; fileRef = 2CA9FF4F2BCC0121002E464A /* SceneDelegate.swift */; };
		2CA9FF522BCC0121002E464A /* ViewController.swift in Sources */ = {isa = PBXBuildFile; fileRef = 2CA9FF512BCC0121002E464A /* ViewController.swift */; };
		2CA9FF552BCC0121002E464A /* Base in Resources */ = {isa = PBXBuildFile; fileRef = 2CA9FF542BCC0121002E464A /* Base */; };
		2CA9FF572BCC0122002E464A /* Assets.xcassets in Resources */ = {isa = PBXBuildFile; fileRef = 2CA9FF562BCC0122002E464A /* Assets.xcassets */; };
		2CA9FF5A2BCC0122002E464A /* Base in Resources */ = {isa = PBXBuildFile; fileRef = 2CA9FF592BCC0122002E464A /* Base */; };
		2CA9FF682BCC0319002E464A /* CoverageFeed.swift in Sources */ = {isa = PBXBuildFile; fileRef = 2CA9FF672BCC0319002E464A /* CoverageFeed.swift */; };
		2CA9FF6A2BCC0BE8002E464A /* FeedImageCollectionViewCell.swift in Sources */ = {isa = PBXBuildFile; fileRef = 2CA9FF692BCC0BE8002E464A /* FeedImageCollectionViewCell.swift */; };
		2CA9FF6D2BCC0CE8002E464A /* UIImageView.swift in Sources */ = {isa = PBXBuildFile; fileRef = 2CA9FF6C2BCC0CE8002E464A /* UIImageView.swift */; };
		2CA9FF6F2BCC0CF5002E464A /* NSObject.swift in Sources */ = {isa = PBXBuildFile; fileRef = 2CA9FF6E2BCC0CF5002E464A /* NSObject.swift */; };
		2CA9FF712BCC0D65002E464A /* DownloadManager.swift in Sources */ = {isa = PBXBuildFile; fileRef = 2CA9FF702BCC0D65002E464A /* DownloadManager.swift */; };
		2CA9FF732BCC0D72002E464A /* DownloadOperation.swift in Sources */ = {isa = PBXBuildFile; fileRef = 2CA9FF722BCC0D72002E464A /* DownloadOperation.swift */; };
		2CA9FF752BCC0D79002E464A /* LoadOperation.swift in Sources */ = {isa = PBXBuildFile; fileRef = 2CA9FF742BCC0D79002E464A /* LoadOperation.swift */; };
		2CA9FF772BCC0DAB002E464A /* CacheManager.swift in Sources */ = {isa = PBXBuildFile; fileRef = 2CA9FF762BCC0DAB002E464A /* CacheManager.swift */; };
		2CA9FF792BCC0DB9002E464A /* ResourceDownloadable.swift in Sources */ = {isa = PBXBuildFile; fileRef = 2CA9FF782BCC0DB9002E464A /* ResourceDownloadable.swift */; };
		2CA9FF7B2BCC0DCD002E464A /* ConcurrentOperation.swift in Sources */ = {isa = PBXBuildFile; fileRef = 2CA9FF7A2BCC0DCD002E464A /* ConcurrentOperation.swift */; };
		2CA9FF7D2BCC0DDD002E464A /* DiskCache.swift in Sources */ = {isa = PBXBuildFile; fileRef = 2CA9FF7C2BCC0DDC002E464A /* DiskCache.swift */; };
		2CA9FF812BCC0F3C002E464A /* DebugManager.swift in Sources */ = {isa = PBXBuildFile; fileRef = 2CA9FF802BCC0F3C002E464A /* DebugManager.swift */; };
		2CA9FF832BCC1319002E464A /* APIManager.swift in Sources */ = {isa = PBXBuildFile; fileRef = 2CA9FF822BCC1319002E464A /* APIManager.swift */; };
		2CA9FF852BCC1782002E464A /* FeedAdapter.swift in Sources */ = {isa = PBXBuildFile; fileRef = 2CA9FF842BCC1782002E464A /* FeedAdapter.swift */; };
		2CA9FF872BCC33EA002E464A /* MemoryCache.swift in Sources */ = {isa = PBXBuildFile; fileRef = 2CA9FF862BCC33EA002E464A /* MemoryCache.swift */; };
		2CA9FF892BCC3917002E464A /* ToastView.swift in Sources */ = {isa = PBXBuildFile; fileRef = 2CA9FF882BCC3917002E464A /* ToastView.swift */; };
		2CA9FF8B2BCC3A6C002E464A /* ToastManager.swift in Sources */ = {isa = PBXBuildFile; fileRef = 2CA9FF8A2BCC3A6C002E464A /* ToastManager.swift */; };
		2CA9FF8D2BCC3D45002E464A /* App.swift in Sources */ = {isa = PBXBuildFile; fileRef = 2CA9FF8C2BCC3D45002E464A /* App.swift */; };
		2CA9FF8F2BCC3F5A002E464A /* Queue.swift in Sources */ = {isa = PBXBuildFile; fileRef = 2CA9FF8E2BCC3F5A002E464A /* Queue.swift */; };
/* End PBXBuildFile section */

/* Begin PBXFileReference section */
		2CA9FF4A2BCC0121002E464A /* ImageGridDemo.app */ = {isa = PBXFileReference; explicitFileType = wrapper.application; includeInIndex = 0; path = ImageGridDemo.app; sourceTree = BUILT_PRODUCTS_DIR; };
		2CA9FF4D2BCC0121002E464A /* AppDelegate.swift */ = {isa = PBXFileReference; lastKnownFileType = sourcecode.swift; path = AppDelegate.swift; sourceTree = "<group>"; };
		2CA9FF4F2BCC0121002E464A /* SceneDelegate.swift */ = {isa = PBXFileReference; lastKnownFileType = sourcecode.swift; path = SceneDelegate.swift; sourceTree = "<group>"; };
		2CA9FF512BCC0121002E464A /* ViewController.swift */ = {isa = PBXFileReference; lastKnownFileType = sourcecode.swift; path = ViewController.swift; sourceTree = "<group>"; };
		2CA9FF542BCC0121002E464A /* Base */ = {isa = PBXFileReference; lastKnownFileType = file.storyboard; name = Base; path = Base.lproj/Main.storyboard; sourceTree = "<group>"; };
		2CA9FF562BCC0122002E464A /* Assets.xcassets */ = {isa = PBXFileReference; lastKnownFileType = folder.assetcatalog; path = Assets.xcassets; sourceTree = "<group>"; };
		2CA9FF592BCC0122002E464A /* Base */ = {isa = PBXFileReference; lastKnownFileType = file.storyboard; name = Base; path = Base.lproj/LaunchScreen.storyboard; sourceTree = "<group>"; };
		2CA9FF5B2BCC0122002E464A /* Info.plist */ = {isa = PBXFileReference; lastKnownFileType = text.plist.xml; path = Info.plist; sourceTree = "<group>"; };
		2CA9FF672BCC0319002E464A /* CoverageFeed.swift */ = {isa = PBXFileReference; lastKnownFileType = sourcecode.swift; path = CoverageFeed.swift; sourceTree = "<group>"; };
		2CA9FF692BCC0BE8002E464A /* FeedImageCollectionViewCell.swift */ = {isa = PBXFileReference; lastKnownFileType = sourcecode.swift; path = FeedImageCollectionViewCell.swift; sourceTree = "<group>"; };
		2CA9FF6C2BCC0CE8002E464A /* UIImageView.swift */ = {isa = PBXFileReference; lastKnownFileType = sourcecode.swift; path = UIImageView.swift; sourceTree = "<group>"; };
		2CA9FF6E2BCC0CF5002E464A /* NSObject.swift */ = {isa = PBXFileReference; lastKnownFileType = sourcecode.swift; path = NSObject.swift; sourceTree = "<group>"; };
		2CA9FF702BCC0D65002E464A /* DownloadManager.swift */ = {isa = PBXFileReference; lastKnownFileType = sourcecode.swift; path = DownloadManager.swift; sourceTree = "<group>"; };
		2CA9FF722BCC0D72002E464A /* DownloadOperation.swift */ = {isa = PBXFileReference; lastKnownFileType = sourcecode.swift; path = DownloadOperation.swift; sourceTree = "<group>"; };
		2CA9FF742BCC0D79002E464A /* LoadOperation.swift */ = {isa = PBXFileReference; lastKnownFileType = sourcecode.swift; path = LoadOperation.swift; sourceTree = "<group>"; };
		2CA9FF762BCC0DAB002E464A /* CacheManager.swift */ = {isa = PBXFileReference; lastKnownFileType = sourcecode.swift; path = CacheManager.swift; sourceTree = "<group>"; };
		2CA9FF782BCC0DB9002E464A /* ResourceDownloadable.swift */ = {isa = PBXFileReference; lastKnownFileType = sourcecode.swift; path = ResourceDownloadable.swift; sourceTree = "<group>"; };
		2CA9FF7A2BCC0DCD002E464A /* ConcurrentOperation.swift */ = {isa = PBXFileReference; lastKnownFileType = sourcecode.swift; path = ConcurrentOperation.swift; sourceTree = "<group>"; };
		2CA9FF7C2BCC0DDC002E464A /* DiskCache.swift */ = {isa = PBXFileReference; lastKnownFileType = sourcecode.swift; path = DiskCache.swift; sourceTree = "<group>"; };
		2CA9FF802BCC0F3C002E464A /* DebugManager.swift */ = {isa = PBXFileReference; lastKnownFileType = sourcecode.swift; path = DebugManager.swift; sourceTree = "<group>"; };
		2CA9FF822BCC1319002E464A /* APIManager.swift */ = {isa = PBXFileReference; lastKnownFileType = sourcecode.swift; path = APIManager.swift; sourceTree = "<group>"; };
		2CA9FF842BCC1782002E464A /* FeedAdapter.swift */ = {isa = PBXFileReference; lastKnownFileType = sourcecode.swift; path = FeedAdapter.swift; sourceTree = "<group>"; };
		2CA9FF862BCC33EA002E464A /* MemoryCache.swift */ = {isa = PBXFileReference; lastKnownFileType = sourcecode.swift; path = MemoryCache.swift; sourceTree = "<group>"; };
		2CA9FF882BCC3917002E464A /* ToastView.swift */ = {isa = PBXFileReference; lastKnownFileType = sourcecode.swift; path = ToastView.swift; sourceTree = "<group>"; };
		2CA9FF8A2BCC3A6C002E464A /* ToastManager.swift */ = {isa = PBXFileReference; lastKnownFileType = sourcecode.swift; path = ToastManager.swift; sourceTree = "<group>"; };
		2CA9FF8C2BCC3D45002E464A /* App.swift */ = {isa = PBXFileReference; lastKnownFileType = sourcecode.swift; path = App.swift; sourceTree = "<group>"; };
		2CA9FF8E2BCC3F5A002E464A /* Queue.swift */ = {isa = PBXFileReference; lastKnownFileType = sourcecode.swift; path = Queue.swift; sourceTree = "<group>"; };
/* End PBXFileReference section */

/* Begin PBXFrameworksBuildPhase section */
		2CA9FF472BCC0121002E464A /* Frameworks */ = {
			isa = PBXFrameworksBuildPhase;
			buildActionMask = 2147483647;
			files = (
			);
			runOnlyForDeploymentPostprocessing = 0;
		};
/* End PBXFrameworksBuildPhase section */

/* Begin PBXGroup section */
		2CA9FF412BCC0121002E464A = {
			isa = PBXGroup;
			children = (
				2CA9FF4C2BCC0121002E464A /* ImageGridDemo */,
				2CA9FF4B2BCC0121002E464A /* Products */,
			);
			sourceTree = "<group>";
		};
		2CA9FF4B2BCC0121002E464A /* Products */ = {
			isa = PBXGroup;
			children = (
				2CA9FF4A2BCC0121002E464A /* ImageGridDemo.app */,
			);
			name = Products;
			sourceTree = "<group>";
		};
		2CA9FF4C2BCC0121002E464A /* ImageGridDemo */ = {
			isa = PBXGroup;
			children = (
				2CA9FF4D2BCC0121002E464A /* AppDelegate.swift */,
				2CA9FF4F2BCC0121002E464A /* SceneDelegate.swift */,
				2CA9FF612BCC015E002E464A /* Model */,
				2CA9FF632BCC0170002E464A /* Views */,
				2CA9FF622BCC0167002E464A /* Controllers */,
				2CA9FF642BCC01AA002E464A /* Classes */,
				2CA9FF6B2BCC0CD9002E464A /* Extensions */,
				2CA9FF532BCC0121002E464A /* Main.storyboard */,
				2CA9FF562BCC0122002E464A /* Assets.xcassets */,
				2CA9FF582BCC0122002E464A /* LaunchScreen.storyboard */,
				2CA9FF5B2BCC0122002E464A /* Info.plist */,
			);
			path = ImageGridDemo;
			sourceTree = "<group>";
		};
		2CA9FF612BCC015E002E464A /* Model */ = {
			isa = PBXGroup;
			children = (
				2CA9FF672BCC0319002E464A /* CoverageFeed.swift */,
			);
			path = Model;
			sourceTree = "<group>";
		};
		2CA9FF622BCC0167002E464A /* Controllers */ = {
			isa = PBXGroup;
			children = (
				2CA9FF512BCC0121002E464A /* ViewController.swift */,
			);
			path = Controllers;
			sourceTree = "<group>";
		};
		2CA9FF632BCC0170002E464A /* Views */ = {
			isa = PBXGroup;
			children = (
				2CA9FF692BCC0BE8002E464A /* FeedImageCollectionViewCell.swift */,
				2CA9FF882BCC3917002E464A /* ToastView.swift */,
			);
			path = Views;
			sourceTree = "<group>";
		};
		2CA9FF642BCC01AA002E464A /* Classes */ = {
			isa = PBXGroup;
			children = (
				2CA9FF802BCC0F3C002E464A /* DebugManager.swift */,
				2CA9FF8C2BCC3D45002E464A /* App.swift */,
				2CA9FF8E2BCC3F5A002E464A /* Queue.swift */,
				2CA9FF662BCC01CE002E464A /* Manager */,
				2CA9FF652BCC01C3002E464A /* Adapter */,
			);
			path = Classes;
			sourceTree = "<group>";
		};
		2CA9FF652BCC01C3002E464A /* Adapter */ = {
			isa = PBXGroup;
			children = (
				2CA9FF842BCC1782002E464A /* FeedAdapter.swift */,
			);
			path = Adapter;
			sourceTree = "<group>";
		};
		2CA9FF662BCC01CE002E464A /* Manager */ = {
			isa = PBXGroup;
			children = (
				2CA9FF702BCC0D65002E464A /* DownloadManager.swift */,
				2CA9FF722BCC0D72002E464A /* DownloadOperation.swift */,
				2CA9FF742BCC0D79002E464A /* LoadOperation.swift */,
				2CA9FF762BCC0DAB002E464A /* CacheManager.swift */,
				2CA9FF782BCC0DB9002E464A /* ResourceDownloadable.swift */,
				2CA9FF7A2BCC0DCD002E464A /* ConcurrentOperation.swift */,
				2CA9FF7C2BCC0DDC002E464A /* DiskCache.swift */,
				2CA9FF862BCC33EA002E464A /* MemoryCache.swift */,
				2CA9FF822BCC1319002E464A /* APIManager.swift */,
				2CA9FF8A2BCC3A6C002E464A /* ToastManager.swift */,
			);
			path = Manager;
			sourceTree = "<group>";
		};
		2CA9FF6B2BCC0CD9002E464A /* Extensions */ = {
			isa = PBXGroup;
			children = (
				2CA9FF6C2BCC0CE8002E464A /* UIImageView.swift */,
				2CA9FF6E2BCC0CF5002E464A /* NSObject.swift */,
			);
			path = Extensions;
			sourceTree = "<group>";
		};
/* End PBXGroup section */

/* Begin PBXNativeTarget section */
		2CA9FF492BCC0121002E464A /* ImageGridDemo */ = {
			isa = PBXNativeTarget;
			buildConfigurationList = 2CA9FF5E2BCC0122002E464A /* Build configuration list for PBXNativeTarget "ImageGridDemo" */;
			buildPhases = (
				2CA9FF462BCC0121002E464A /* Sources */,
				2CA9FF472BCC0121002E464A /* Frameworks */,
				2CA9FF482BCC0121002E464A /* Resources */,
			);
			buildRules = (
			);
			dependencies = (
			);
			name = ImageGridDemo;
			productName = ImageGridDemo;
			productReference = 2CA9FF4A2BCC0121002E464A /* ImageGridDemo.app */;
			productType = "com.apple.product-type.application";
		};
/* End PBXNativeTarget section */

/* Begin PBXProject section */
		2CA9FF422BCC0121002E464A /* Project object */ = {
			isa = PBXProject;
			attributes = {
				BuildIndependentTargetsInParallel = 1;
				LastSwiftUpdateCheck = 1530;
				LastUpgradeCheck = 1530;
				TargetAttributes = {
					2CA9FF492BCC0121002E464A = {
						CreatedOnToolsVersion = 15.3;
					};
				};
			};
			buildConfigurationList = 2CA9FF452BCC0121002E464A /* Build configuration list for PBXProject "ImageGridDemo" */;
			compatibilityVersion = "Xcode 14.0";
			developmentRegion = en;
			hasScannedForEncodings = 0;
			knownRegions = (
				en,
				Base,
			);
			mainGroup = 2CA9FF412BCC0121002E464A;
			productRefGroup = 2CA9FF4B2BCC0121002E464A /* Products */;
			projectDirPath = "";
			projectRoot = "";
			targets = (
				2CA9FF492BCC0121002E464A /* ImageGridDemo */,
			);
		};
/* End PBXProject section */

/* Begin PBXResourcesBuildPhase section */
		2CA9FF482BCC0121002E464A /* Resources */ = {
			isa = PBXResourcesBuildPhase;
			buildActionMask = 2147483647;
			files = (
				2CA9FF572BCC0122002E464A /* Assets.xcassets in Resources */,
				2CA9FF5A2BCC0122002E464A /* Base in Resources */,
				2CA9FF552BCC0121002E464A /* Base in Resources */,
			);
			runOnlyForDeploymentPostprocessing = 0;
		};
/* End PBXResourcesBuildPhase section */

/* Begin PBXSourcesBuildPhase section */
		2CA9FF462BCC0121002E464A /* Sources */ = {
			isa = PBXSourcesBuildPhase;
			buildActionMask = 2147483647;
			files = (
				2CA9FF832BCC1319002E464A /* APIManager.swift in Sources */,
				2CA9FF522BCC0121002E464A /* ViewController.swift in Sources */,
				2CA9FF792BCC0DB9002E464A /* ResourceDownloadable.swift in Sources */,
				2CA9FF8F2BCC3F5A002E464A /* Queue.swift in Sources */,
				2CA9FF682BCC0319002E464A /* CoverageFeed.swift in Sources */,
				2CA9FF7B2BCC0DCD002E464A /* ConcurrentOperation.swift in Sources */,
				2CA9FF6A2BCC0BE8002E464A /* FeedImageCollectionViewCell.swift in Sources */,
				2CA9FF852BCC1782002E464A /* FeedAdapter.swift in Sources */,
				2CA9FF7D2BCC0DDD002E464A /* DiskCache.swift in Sources */,
				2CA9FF712BCC0D65002E464A /* DownloadManager.swift in Sources */,
				2CA9FF892BCC3917002E464A /* ToastView.swift in Sources */,
				2CA9FF872BCC33EA002E464A /* MemoryCache.swift in Sources */,
				2CA9FF6F2BCC0CF5002E464A /* NSObject.swift in Sources */,
				2CA9FF8D2BCC3D45002E464A /* App.swift in Sources */,
				2CA9FF752BCC0D79002E464A /* LoadOperation.swift in Sources */,
				2CA9FF772BCC0DAB002E464A /* CacheManager.swift in Sources */,
				2CA9FF4E2BCC0121002E464A /* AppDelegate.swift in Sources */,
				2CA9FF8B2BCC3A6C002E464A /* ToastManager.swift in Sources */,
				2CA9FF6D2BCC0CE8002E464A /* UIImageView.swift in Sources */,
				2CA9FF502BCC0121002E464A /* SceneDelegate.swift in Sources */,
				2CA9FF732BCC0D72002E464A /* DownloadOperation.swift in Sources */,
				2CA9FF812BCC0F3C002E464A /* DebugManager.swift in Sources */,
			);
			runOnlyForDeploymentPostprocessing = 0;
		};
/* End PBXSourcesBuildPhase section */

/* Begin PBXVariantGroup section */
		2CA9FF532BCC0121002E464A /* Main.storyboard */ = {
			isa = PBXVariantGroup;
			children = (
				2CA9FF542BCC0121002E464A /* Base */,
			);
			name = Main.storyboard;
			sourceTree = "<group>";
		};
		2CA9FF582BCC0122002E464A /* LaunchScreen.storyboard */ = {
			isa = PBXVariantGroup;
			children = (
				2CA9FF592BCC0122002E464A /* Base */,
			);
			name = LaunchScreen.storyboard;
			sourceTree = "<group>";
		};
/* End PBXVariantGroup section */

/* Begin XCBuildConfiguration section */
		2CA9FF5C2BCC0122002E464A /* Debug */ = {
			isa = XCBuildConfiguration;
			buildSettings = {
				ALWAYS_SEARCH_USER_PATHS = NO;
				ASSETCATALOG_COMPILER_GENERATE_SWIFT_ASSET_SYMBOL_EXTENSIONS = YES;
				CLANG_ANALYZER_NONNULL = YES;
				CLANG_ANALYZER_NUMBER_OBJECT_CONVERSION = YES_AGGRESSIVE;
				CLANG_CXX_LANGUAGE_STANDARD = "gnu++20";
				CLANG_ENABLE_MODULES = YES;
				CLANG_ENABLE_OBJC_ARC = YES;
				CLANG_ENABLE_OBJC_WEAK = YES;
				CLANG_WARN_BLOCK_CAPTURE_AUTORELEASING = YES;
				CLANG_WARN_BOOL_CONVERSION = YES;
				CLANG_WARN_COMMA = YES;
				CLANG_WARN_CONSTANT_CONVERSION = YES;
				CLANG_WARN_DEPRECATED_OBJC_IMPLEMENTATIONS = YES;
				CLANG_WARN_DIRECT_OBJC_ISA_USAGE = YES_ERROR;
				CLANG_WARN_DOCUMENTATION_COMMENTS = YES;
				CLANG_WARN_EMPTY_BODY = YES;
				CLANG_WARN_ENUM_CONVERSION = YES;
				CLANG_WARN_INFINITE_RECURSION = YES;
				CLANG_WARN_INT_CONVERSION = YES;
				CLANG_WARN_NON_LITERAL_NULL_CONVERSION = YES;
				CLANG_WARN_OBJC_IMPLICIT_RETAIN_SELF = YES;
				CLANG_WARN_OBJC_LITERAL_CONVERSION = YES;
				CLANG_WARN_OBJC_ROOT_CLASS = YES_ERROR;
				CLANG_WARN_QUOTED_INCLUDE_IN_FRAMEWORK_HEADER = YES;
				CLANG_WARN_RANGE_LOOP_ANALYSIS = YES;
				CLANG_WARN_STRICT_PROTOTYPES = YES;
				CLANG_WARN_SUSPICIOUS_MOVE = YES;
				CLANG_WARN_UNGUARDED_AVAILABILITY = YES_AGGRESSIVE;
				CLANG_WARN_UNREACHABLE_CODE = YES;
				CLANG_WARN__DUPLICATE_METHOD_MATCH = YES;
				COPY_PHASE_STRIP = NO;
				DEBUG_INFORMATION_FORMAT = dwarf;
				ENABLE_STRICT_OBJC_MSGSEND = YES;
				ENABLE_TESTABILITY = YES;
				ENABLE_USER_SCRIPT_SANDBOXING = YES;
				GCC_C_LANGUAGE_STANDARD = gnu17;
				GCC_DYNAMIC_NO_PIC = NO;
				GCC_NO_COMMON_BLOCKS = YES;
				GCC_OPTIMIZATION_LEVEL = 0;
				GCC_PREPROCESSOR_DEFINITIONS = (
					"DEBUG=1",
					"$(inherited)",
				);
				GCC_WARN_64_TO_32_BIT_CONVERSION = YES;
				GCC_WARN_ABOUT_RETURN_TYPE = YES_ERROR;
				GCC_WARN_UNDECLARED_SELECTOR = YES;
				GCC_WARN_UNINITIALIZED_AUTOS = YES_AGGRESSIVE;
				GCC_WARN_UNUSED_FUNCTION = YES;
				GCC_WARN_UNUSED_VARIABLE = YES;
				IPHONEOS_DEPLOYMENT_TARGET = 13.0;
				LOCALIZATION_PREFERS_STRING_CATALOGS = YES;
				MTL_ENABLE_DEBUG_INFO = INCLUDE_SOURCE;
				MTL_FAST_MATH = YES;
				ONLY_ACTIVE_ARCH = YES;
				SDKROOT = iphoneos;
				SWIFT_ACTIVE_COMPILATION_CONDITIONS = "DEBUG $(inherited)";
				SWIFT_OPTIMIZATION_LEVEL = "-Onone";
			};
			name = Debug;
		};
		2CA9FF5D2BCC0122002E464A /* Release */ = {
			isa = XCBuildConfiguration;
			buildSettings = {
				ALWAYS_SEARCH_USER_PATHS = NO;
				ASSETCATALOG_COMPILER_GENERATE_SWIFT_ASSET_SYMBOL_EXTENSIONS = YES;
				CLANG_ANALYZER_NONNULL = YES;
				CLANG_ANALYZER_NUMBER_OBJECT_CONVERSION = YES_AGGRESSIVE;
				CLANG_CXX_LANGUAGE_STANDARD = "gnu++20";
				CLANG_ENABLE_MODULES = YES;
				CLANG_ENABLE_OBJC_ARC = YES;
				CLANG_ENABLE_OBJC_WEAK = YES;
				CLANG_WARN_BLOCK_CAPTURE_AUTORELEASING = YES;
				CLANG_WARN_BOOL_CONVERSION = YES;
				CLANG_WARN_COMMA = YES;
				CLANG_WARN_CONSTANT_CONVERSION = YES;
				CLANG_WARN_DEPRECATED_OBJC_IMPLEMENTATIONS = YES;
				CLANG_WARN_DIRECT_OBJC_ISA_USAGE = YES_ERROR;
				CLANG_WARN_DOCUMENTATION_COMMENTS = YES;
				CLANG_WARN_EMPTY_BODY = YES;
				CLANG_WARN_ENUM_CONVERSION = YES;
				CLANG_WARN_INFINITE_RECURSION = YES;
				CLANG_WARN_INT_CONVERSION = YES;
				CLANG_WARN_NON_LITERAL_NULL_CONVERSION = YES;
				CLANG_WARN_OBJC_IMPLICIT_RETAIN_SELF = YES;
				CLANG_WARN_OBJC_LITERAL_CONVERSION = YES;
				CLANG_WARN_OBJC_ROOT_CLASS = YES_ERROR;
				CLANG_WARN_QUOTED_INCLUDE_IN_FRAMEWORK_HEADER = YES;
				CLANG_WARN_RANGE_LOOP_ANALYSIS = YES;
				CLANG_WARN_STRICT_PROTOTYPES = YES;
				CLANG_WARN_SUSPICIOUS_MOVE = YES;
				CLANG_WARN_UNGUARDED_AVAILABILITY = YES_AGGRESSIVE;
				CLANG_WARN_UNREACHABLE_CODE = YES;
				CLANG_WARN__DUPLICATE_METHOD_MATCH = YES;
				COPY_PHASE_STRIP = NO;
				DEBUG_INFORMATION_FORMAT = "dwarf-with-dsym";
				ENABLE_NS_ASSERTIONS = NO;
				ENABLE_STRICT_OBJC_MSGSEND = YES;
				ENABLE_USER_SCRIPT_SANDBOXING = YES;
				GCC_C_LANGUAGE_STANDARD = gnu17;
				GCC_NO_COMMON_BLOCKS = YES;
				GCC_WARN_64_TO_32_BIT_CONVERSION = YES;
				GCC_WARN_ABOUT_RETURN_TYPE = YES_ERROR;
				GCC_WARN_UNDECLARED_SELECTOR = YES;
				GCC_WARN_UNINITIALIZED_AUTOS = YES_AGGRESSIVE;
				GCC_WARN_UNUSED_FUNCTION = YES;
				GCC_WARN_UNUSED_VARIABLE = YES;
				IPHONEOS_DEPLOYMENT_TARGET = 13.0;
				LOCALIZATION_PREFERS_STRING_CATALOGS = YES;
				MTL_ENABLE_DEBUG_INFO = NO;
				MTL_FAST_MATH = YES;
				SDKROOT = iphoneos;
				SWIFT_COMPILATION_MODE = wholemodule;
				VALIDATE_PRODUCT = YES;
			};
			name = Release;
		};
		2CA9FF5F2BCC0122002E464A /* Debug */ = {
			isa = XCBuildConfiguration;
			buildSettings = {
				ASSETCATALOG_COMPILER_APPICON_NAME = AppIcon;
				ASSETCATALOG_COMPILER_GLOBAL_ACCENT_COLOR_NAME = AccentColor;
				CODE_SIGN_STYLE = Automatic;
				CURRENT_PROJECT_VERSION = 1;
				GENERATE_INFOPLIST_FILE = YES;
				INFOPLIST_FILE = ImageGridDemo/Info.plist;
				INFOPLIST_KEY_UIApplicationSupportsIndirectInputEvents = YES;
				INFOPLIST_KEY_UILaunchStoryboardName = LaunchScreen;
				INFOPLIST_KEY_UIMainStoryboardFile = Main;
				INFOPLIST_KEY_UISupportedInterfaceOrientations = UIInterfaceOrientationPortrait;
				LD_RUNPATH_SEARCH_PATHS = (
					"$(inherited)",
					"@executable_path/Frameworks",
				);
				MARKETING_VERSION = 1.0;
				PRODUCT_BUNDLE_IDENTIFIER = com.sandeep.ImageGridDemo;
				PRODUCT_NAME = "$(TARGET_NAME)";
				SWIFT_EMIT_LOC_STRINGS = YES;
				SWIFT_VERSION = 5.0;
				TARGETED_DEVICE_FAMILY = "1,2";
			};
			name = Debug;
		};
		2CA9FF602BCC0122002E464A /* Release */ = {
			isa = XCBuildConfiguration;
			buildSettings = {
				ASSETCATALOG_COMPILER_APPICON_NAME = AppIcon;
				ASSETCATALOG_COMPILER_GLOBAL_ACCENT_COLOR_NAME = AccentColor;
				CODE_SIGN_STYLE = Automatic;
				CURRENT_PROJECT_VERSION = 1;
				GENERATE_INFOPLIST_FILE = YES;
				INFOPLIST_FILE = ImageGridDemo/Info.plist;
				INFOPLIST_KEY_UIApplicationSupportsIndirectInputEvents = YES;
				INFOPLIST_KEY_UILaunchStoryboardName = LaunchScreen;
				INFOPLIST_KEY_UIMainStoryboardFile = Main;
				INFOPLIST_KEY_UISupportedInterfaceOrientations = UIInterfaceOrientationPortrait;
				LD_RUNPATH_SEARCH_PATHS = (
					"$(inherited)",
					"@executable_path/Frameworks",
				);
				MARKETING_VERSION = 1.0;
				PRODUCT_BUNDLE_IDENTIFIER = com.sandeep.ImageGridDemo;
				PRODUCT_NAME = "$(TARGET_NAME)";
				SWIFT_EMIT_LOC_STRINGS = YES;
				SWIFT_VERSION = 5.0;
				TARGETED_DEVICE_FAMILY = "1,2";
			};
			name = Release;
		};
/* End XCBuildConfiguration section */

/* Begin XCConfigurationList section */
		2CA9FF452BCC0121002E464A /* Build configuration list for PBXProject "ImageGridDemo" */ = {
			isa = XCConfigurationList;
			buildConfigurations = (
				2CA9FF5C2BCC0122002E464A /* Debug */,
				2CA9FF5D2BCC0122002E464A /* Release */,
			);
			defaultConfigurationIsVisible = 0;
			defaultConfigurationName = Release;
		};
		2CA9FF5E2BCC0122002E464A /* Build configuration list for PBXNativeTarget "ImageGridDemo" */ = {
			isa = XCConfigurationList;
			buildConfigurations = (
				2CA9FF5F2BCC0122002E464A /* Debug */,
				2CA9FF602BCC0122002E464A /* Release */,
			);
			defaultConfigurationIsVisible = 0;
			defaultConfigurationName = Release;
		};
/* End XCConfigurationList section */
	};
	rootObject = 2CA9FF422BCC0121002E464A /* Project object */;
}
